// !$*UTF8*$!
{
	archiveVersion = 1;
	classes = {
	};
	objectVersion = 48;
	objects = {

/* Begin PBXBuildFile section */
		3352AEBD212434E2004AADDC /* AppDelegate.m in Sources */ = {isa = PBXBuildFile; fileRef = 3352AEBC212434E2004AADDC /* AppDelegate.m */; };
		3352AEC5212434E2004AADDC /* Assets.xcassets in Resources */ = {isa = PBXBuildFile; fileRef = 3352AEC4212434E2004AADDC /* Assets.xcassets */; };
		3352AECB212434E3004AADDC /* main.m in Sources */ = {isa = PBXBuildFile; fileRef = 3352AECA212434E3004AADDC /* main.m */; };
		3352AED3212438B8004AADDC /* AnimationPush_1_VC.m in Sources */ = {isa = PBXBuildFile; fileRef = 3352AED2212438B8004AADDC /* AnimationPush_1_VC.m */; };
		3352AED6212438DF004AADDC /* AnimationPush_2_VC.m in Sources */ = {isa = PBXBuildFile; fileRef = 3352AED5212438DF004AADDC /* AnimationPush_2_VC.m */; };
/* End PBXBuildFile section */

/* Begin PBXFileReference section */
		3352AEB8212434E2004AADDC /* 转场动画Demo.app */ = {isa = PBXFileReference; explicitFileType = wrapper.application; includeInIndex = 0; path = "转场动画Demo.app"; sourceTree = BUILT_PRODUCTS_DIR; };
		3352AEBB212434E2004AADDC /* AppDelegate.h */ = {isa = PBXFileReference; lastKnownFileType = sourcecode.c.h; path = AppDelegate.h; sourceTree = "<group>"; };
		3352AEBC212434E2004AADDC /* AppDelegate.m */ = {isa = PBXFileReference; lastKnownFileType = sourcecode.c.objc; path = AppDelegate.m; sourceTree = "<group>"; };
		3352AEC4212434E2004AADDC /* Assets.xcassets */ = {isa = PBXFileReference; lastKnownFileType = folder.assetcatalog; path = Assets.xcassets; sourceTree = "<group>"; };
		3352AEC9212434E3004AADDC /* Info.plist */ = {isa = PBXFileReference; lastKnownFileType = text.plist.xml; path = Info.plist; sourceTree = "<group>"; };
		3352AECA212434E3004AADDC /* main.m */ = {isa = PBXFileReference; lastKnownFileType = sourcecode.c.objc; path = main.m; sourceTree = "<group>"; };
		3352AED1212438B8004AADDC /* AnimationPush_1_VC.h */ = {isa = PBXFileReference; lastKnownFileType = sourcecode.c.h; path = AnimationPush_1_VC.h; sourceTree = "<group>"; };
		3352AED2212438B8004AADDC /* AnimationPush_1_VC.m */ = {isa = PBXFileReference; lastKnownFileType = sourcecode.c.objc; path = AnimationPush_1_VC.m; sourceTree = "<group>"; };
		3352AED4212438DF004AADDC /* AnimationPush_2_VC.h */ = {isa = PBXFileReference; lastKnownFileType = sourcecode.c.h; path = AnimationPush_2_VC.h; sourceTree = "<group>"; };
		3352AED5212438DF004AADDC /* AnimationPush_2_VC.m */ = {isa = PBXFileReference; lastKnownFileType = sourcecode.c.objc; path = AnimationPush_2_VC.m; sourceTree = "<group>"; };
/* End PBXFileReference section */

/* Begin PBXFrameworksBuildPhase section */
		3352AEB5212434E2004AADDC /* Frameworks */ = {
			isa = PBXFrameworksBuildPhase;
			buildActionMask = 2147483647;
			files = (
			);
			runOnlyForDeploymentPostprocessing = 0;
		};
/* End PBXFrameworksBuildPhase section */

/* Begin PBXGroup section */
		3352AEAF212434E2004AADDC = {
			isa = PBXGroup;
			children = (
				3352AEBA212434E2004AADDC /* 转场动画Demo */,
				3352AEB9212434E2004AADDC /* Products */,
			);
			sourceTree = "<group>";
		};
		3352AEB9212434E2004AADDC /* Products */ = {
			isa = PBXGroup;
			children = (
				3352AEB8212434E2004AADDC /* 转场动画Demo.app */,
			);
			name = Products;
			sourceTree = "<group>";
		};
		3352AEBA212434E2004AADDC /* 转场动画Demo */ = {
			isa = PBXGroup;
			children = (
				3352AEBB212434E2004AADDC /* AppDelegate.h */,
				3352AEBC212434E2004AADDC /* AppDelegate.m */,
				3352AED1212438B8004AADDC /* AnimationPush_1_VC.h */,
				3352AED2212438B8004AADDC /* AnimationPush_1_VC.m */,
				3352AED4212438DF004AADDC /* AnimationPush_2_VC.h */,
				3352AED5212438DF004AADDC /* AnimationPush_2_VC.m */,
				3352AEC4212434E2004AADDC /* Assets.xcassets */,
				3352AEC9212434E3004AADDC /* Info.plist */,
				3352AECA212434E3004AADDC /* main.m */,
			);
			path = "转场动画Demo";
			sourceTree = "<group>";
		};
/* End PBXGroup section */

/* Begin PBXNativeTarget section */
		3352AEB7212434E2004AADDC /* 转场动画Demo */ = {
			isa = PBXNativeTarget;
			buildConfigurationList = 3352AECE212434E3004AADDC /* Build configuration list for PBXNativeTarget "转场动画Demo" */;
			buildPhases = (
				3352AEB4212434E2004AADDC /* Sources */,
				3352AEB5212434E2004AADDC /* Frameworks */,
				3352AEB6212434E2004AADDC /* Resources */,
			);
			buildRules = (
			);
			dependencies = (
			);
			name = "转场动画Demo";
			productName = "转场动画Demo";
			productReference = 3352AEB8212434E2004AADDC /* 转场动画Demo.app */;
			productType = "com.apple.product-type.application";
		};
/* End PBXNativeTarget section */

/* Begin PBXProject section */
		3352AEB0212434E2004AADDC /* Project object */ = {
			isa = PBXProject;
			attributes = {
				LastUpgradeCheck = 0910;
				ORGANIZATIONNAME = "丛泊阳";
				TargetAttributes = {
					3352AEB7212434E2004AADDC = {
						CreatedOnToolsVersion = 9.1;
						ProvisioningStyle = Automatic;
					};
				};
			};
			buildConfigurationList = 3352AEB3212434E2004AADDC /* Build configuration list for PBXProject "转场动画Demo" */;
			compatibilityVersion = "Xcode 8.0";
			developmentRegion = en;
			hasScannedForEncodings = 0;
			knownRegions = (
				en,
				Base,
			);
			mainGroup = 3352AEAF212434E2004AADDC;
			productRefGroup = 3352AEB9212434E2004AADDC /* Products */;
			projectDirPath = "";
			projectRoot = "";
			targets = (
				3352AEB7212434E2004AADDC /* 转场动画Demo */,
			);
		};
/* End PBXProject section */

/* Begin PBXResourcesBuildPhase section */
		3352AEB6212434E2004AADDC /* Resources */ = {
			isa = PBXResourcesBuildPhase;
			buildActionMask = 2147483647;
			files = (
				3352AEC5212434E2004AADDC /* Assets.xcassets in Resources */,
			);
			runOnlyForDeploymentPostprocessing = 0;
		};
/* End PBXResourcesBuildPhase section */

/* Begin PBXSourcesBuildPhase section */
		3352AEB4212434E2004AADDC /* Sources */ = {
			isa = PBXSourcesBuildPhase;
			buildActionMask = 2147483647;
			files = (
				3352AED6212438DF004AADDC /* AnimationPush_2_VC.m in Sources */,
				3352AECB212434E3004AADDC /* main.m in Sources */,
				3352AEBD212434E2004AADDC /* AppDelegate.m in Sources */,
				3352AED3212438B8004AADDC /* AnimationPush_1_VC.m in Sources */,
			);
			runOnlyForDeploymentPostprocessing = 0;
		};
/* End PBXSourcesBuildPhase section */

/* Begin XCBuildConfiguration section */
		3352AECC212434E3004AADDC /* Debug */ = {
			isa = XCBuildConfiguration;
			buildSettings = {
				ALWAYS_SEARCH_USER_PATHS = NO;
				CLANG_ANALYZER_NONNULL = YES;
				CLANG_ANALYZER_NUMBER_OBJECT_CONVERSION = YES_AGGRESSIVE;
				CLANG_CXX_LANGUAGE_STANDARD = "gnu++14";
				CLANG_CXX_LIBRARY = "libc++";
				CLANG_ENABLE_MODULES = YES;
				CLANG_ENABLE_OBJC_ARC = YES;
				CLANG_WARN_BLOCK_CAPTURE_AUTORELEASING = YES;
				CLANG_WARN_BOOL_CONVERSION = YES;
				CLANG_WARN_COMMA = YES;
				CLANG_WARN_CONSTANT_CONVERSION = YES;
				CLANG_WARN_DIRECT_OBJC_ISA_USAGE = YES_ERROR;
				CLANG_WARN_DOCUMENTATION_COMMENTS = YES;
				CLANG_WARN_EMPTY_BODY = YES;
				CLANG_WARN_ENUM_CONVERSION = YES;
				CLANG_WARN_INFINITE_RECURSION = YES;
				CLANG_WARN_INT_CONVERSION = YES;
				CLANG_WARN_NON_LITERAL_NULL_CONVERSION = YES;
				CLANG_WARN_OBJC_LITERAL_CONVERSION = YES;
				CLANG_WARN_OBJC_ROOT_CLASS = YES_ERROR;
				CLANG_WARN_RANGE_LOOP_ANALYSIS = YES;
				CLANG_WARN_STRICT_PROTOTYPES = YES;
				CLANG_WARN_SUSPICIOUS_MOVE = YES;
				CLANG_WARN_UNGUARDED_AVAILABILITY = YES_AGGRESSIVE;
				CLANG_WARN_UNREACHABLE_CODE = YES;
				CLANG_WARN__DUPLICATE_METHOD_MATCH = YES;
				CODE_SIGN_IDENTITY = "iPhone Developer";
				COPY_PHASE_STRIP = NO;
				DEBUG_INFORMATION_FORMAT = dwarf;
				ENABLE_STRICT_OBJC_MSGSEND = YES;
				ENABLE_TESTABILITY = YES;
				GCC_C_LANGUAGE_STANDARD = gnu11;
				GCC_DYNAMIC_NO_PIC = NO;
				GCC_NO_COMMON_BLOCKS = YES;
				GCC_OPTIMIZATION_LEVEL = 0;
				GCC_PREPROCESSOR_DEFINITIONS = (
					"DEBUG=1",
					"$(inherited)",
				);
				GCC_WARN_64_TO_32_BIT_CONVERSION = YES;
				GCC_WARN_ABOUT_RETURN_TYPE = YES_ERROR;
				GCC_WARN_UNDECLARED_SELECTOR = YES;
				GCC_WARN_UNINITIALIZED_AUTOS = YES_AGGRESSIVE;
				GCC_WARN_UNUSED_FUNCTION = YES;
				GCC_WARN_UNUSED_VARIABLE = YES;
				IPHONEOS_DEPLOYMENT_TARGET = 11.1;
				MTL_ENABLE_DEBUG_INFO = YES;
				ONLY_ACTIVE_ARCH = YES;
				SDKROOT = iphoneos;
			};
			name = Debug;
		};
		3352AECD212434E3004AADDC /* Release */ = {
			isa = XCBuildConfiguration;
			buildSettings = {
				ALWAYS_SEARCH_USER_PATHS = NO;
				CLANG_ANALYZER_NONNULL = YES;
				CLANG_ANALYZER_NUMBER_OBJECT_CONVERSION = YES_AGGRESSIVE;
				CLANG_CXX_LANGUAGE_STANDARD = "gnu++14";
				CLANG_CXX_LIBRARY = "libc++";
				CLANG_ENABLE_MODULES = YES;
				CLANG_ENABLE_OBJC_ARC = YES;
				CLANG_WARN_BLOCK_CAPTURE_AUTORELEASING = YES;
				CLANG_WARN_BOOL_CONVERSION = YES;
				CLANG_WARN_COMMA = YES;
				CLANG_WARN_CONSTANT_CONVERSION = YES;
				CLANG_WARN_DIRECT_OBJC_ISA_USAGE = YES_ERROR;
				CLANG_WARN_DOCUMENTATION_COMMENTS = YES;
				CLANG_WARN_EMPTY_BODY = YES;
				CLANG_WARN_ENUM_CONVERSION = YES;
				CLANG_WARN_INFINITE_RECURSION = YES;
				CLANG_WARN_INT_CONVERSION = YES;
				CLANG_WARN_NON_LITERAL_NULL_CONVERSION = YES;
				CLANG_WARN_OBJC_LITERAL_CONVERSION = YES;
				CLANG_WARN_OBJC_ROOT_CLASS = YES_ERROR;
				CLANG_WARN_RANGE_LOOP_ANALYSIS = YES;
				CLANG_WARN_STRICT_PROTOTYPES = YES;
				CLANG_WARN_SUSPICIOUS_MOVE = YES;
				CLANG_WARN_UNGUARDED_AVAILABILITY = YES_AGGRESSIVE;
				CLANG_WARN_UNREACHABLE_CODE = YES;
				CLANG_WARN__DUPLICATE_METHOD_MATCH = YES;
				CODE_SIGN_IDENTITY = "iPhone Developer";
				COPY_PHASE_STRIP = NO;
				DEBUG_INFORMATION_FORMAT = "dwarf-with-dsym";
				ENABLE_NS_ASSERTIONS = NO;
				ENABLE_STRICT_OBJC_MSGSEND = YES;
				GCC_C_LANGUAGE_STANDARD = gnu11;
				GCC_NO_COMMON_BLOCKS = YES;
				GCC_WARN_64_TO_32_BIT_CONVERSION = YES;
				GCC_WARN_ABOUT_RETURN_TYPE = YES_ERROR;
				GCC_WARN_UNDECLARED_SELECTOR = YES;
				GCC_WARN_UNINITIALIZED_AUTOS = YES_AGGRESSIVE;
				GCC_WARN_UNUSED_FUNCTION = YES;
				GCC_WARN_UNUSED_VARIABLE = YES;
				IPHONEOS_DEPLOYMENT_TARGET = 11.1;
				MTL_ENABLE_DEBUG_INFO = NO;
				SDKROOT = iphoneos;
				VALIDATE_PRODUCT = YES;
			};
			name = Release;
		};
		3352AECF212434E3004AADDC /* Debug */ = {
			isa = XCBuildConfiguration;
			buildSettings = {
				ASSETCATALOG_COMPILER_APPICON_NAME = AppIcon;
				ASSETCATALOG_COMPILER_LAUNCHIMAGE_NAME = "Brand Assets";
				CODE_SIGN_STYLE = Automatic;
				DEVELOPMENT_TEAM = 9FD4QM74VC;
				INFOPLIST_FILE = "转场动画Demo/Info.plist";
				IPHONEOS_DEPLOYMENT_TARGET = 8.0;
				LD_RUNPATH_SEARCH_PATHS = "$(inherited) @executable_path/Frameworks";
				PRODUCT_BUNDLE_IDENTIFIER = "com.sooncong.----Demo";
				PRODUCT_NAME = "$(TARGET_NAME)";
				TARGETED_DEVICE_FAMILY = "1,2";
			};
			name = Debug;
		};
		3352AED0212434E3004AADDC /* Release */ = {
			isa = XCBuildConfiguration;
			buildSettings = {
				ASSETCATALOG_COMPILER_APPICON_NAME = AppIcon;
				ASSETCATALOG_COMPILER_LAUNCHIMAGE_NAME = "Brand Assets";
				CODE_SIGN_STYLE = Automatic;
				DEVELOPMENT_TEAM = 9FD4QM74VC;
				INFOPLIST_FILE = "转场动画Demo/Info.plist";
				IPHONEOS_DEPLOYMENT_TARGET = 8.0;
				LD_RUNPATH_SEARCH_PATHS = "$(inherited) @executable_path/Frameworks";
				PRODUCT_BUNDLE_IDENTIFIER = "com.sooncong.----Demo";
				PRODUCT_NAME = "$(TARGET_NAME)";
				TARGETED_DEVICE_FAMILY = "1,2";
			};
			name = Release;
		};
/* End XCBuildConfiguration section */

/* Begin XCConfigurationList section */
		3352AEB3212434E2004AADDC /* Build configuration list for PBXProject "转场动画Demo" */ = {
			isa = XCConfigurationList;
			buildConfigurations = (
				3352AECC212434E3004AADDC /* Debug */,
				3352AECD212434E3004AADDC /* Release */,
			);
			defaultConfigurationIsVisible = 0;
			defaultConfigurationName = Release;
		};
		3352AECE212434E3004AADDC /* Build configuration list for PBXNativeTarget "转场动画Demo" */ = {
			isa = XCConfigurationList;
			buildConfigurations = (
				3352AECF212434E3004AADDC /* Debug */,
				3352AED0212434E3004AADDC /* Release */,
			);
			defaultConfigurationIsVisible = 0;
			defaultConfigurationName = Release;
		};
/* End XCConfigurationList section */
	};
	rootObject = 3352AEB0212434E2004AADDC /* Project object */;
}
